// !$*UTF8*$!
{
	archiveVersion = 1;
	classes = {
	};
	objectVersion = 77;
	objects = {

/* Begin PBXBuildFile section */
		004F82EE3181237E32E907A2 /* CourtService.swift in Sources */ = {isa = PBXBuildFile; fileRef = 9F80B1209767EBD9BA7EAC8D /* CourtService.swift */; };
		023992AA330250878468D1C3 /* MatchAnimationConstants.swift in Sources */ = {isa = PBXBuildFile; fileRef = B645A22F0D9CDF3E5A80D89D /* MatchAnimationConstants.swift */; };
		030053C44EF48B07E766AD2B /* PlayerProgression.swift in Sources */ = {isa = PBXBuildFile; fileRef = 52C2A0413DC0CD20FB85994C /* PlayerProgression.swift */; };
		048DBBBFE296E9B444059160 /* CLLocationCoordinate2D+Sendable.swift in Sources */ = {isa = PBXBuildFile; fileRef = 0C2A0910DA48FBCFB568311B /* CLLocationCoordinate2D+Sendable.swift */; };
		04E498BB1ED53A774576B7CE /* ColorReplacer.swift in Sources */ = {isa = PBXBuildFile; fileRef = 935402BCE85914A3F49418A7 /* ColorReplacer.swift */; };
		0B5219D488C98B0A9D7888EA /* CharacterAppearance.swift in Sources */ = {isa = PBXBuildFile; fileRef = D9B6786F66B8934634A8830A /* CharacterAppearance.swift */; };
		0B5CF73ACAEE1A68C32D5EEF /* SpriteSheetAnimator.swift in Sources */ = {isa = PBXBuildFile; fileRef = 1189DB1F3E1BDB85799DBDD7 /* SpriteSheetAnimator.swift */; };
		0D504017AD0F443740F26367 /* DUPRProfile.swift in Sources */ = {isa = PBXBuildFile; fileRef = 51DD3F8872DF216E539BB427 /* DUPRProfile.swift */; };
		0D9B2D6B41077877A74F860C /* LootGeneratorTests.swift in Sources */ = {isa = PBXBuildFile; fileRef = 3FE0743BF162137BA3E922FE /* LootGeneratorTests.swift */; };
		0DFA243D216FD16F1255A3EC /* NPC.swift in Sources */ = {isa = PBXBuildFile; fileRef = 1675D372694A305F611FE32D /* NPC.swift */; };
		1D4054E15A14E383E1E5DA81 /* InventoryViewModel.swift in Sources */ = {isa = PBXBuildFile; fileRef = CCDD3AF27C7FE92C46AD5297 /* InventoryViewModel.swift */; };
		1DFA20353BD0EAC474762221 /* MatchSimulationView.swift in Sources */ = {isa = PBXBuildFile; fileRef = 73B3FD5E1D993A1A80123844 /* MatchSimulationView.swift */; };
		1F1A8B0C4EAA874288A018B5 /* EquipmentSlotsView.swift in Sources */ = {isa = PBXBuildFile; fileRef = 3C7D0E4AD263AFFDB2620896 /* EquipmentSlotsView.swift */; };
		1F3D155A28F61DE864369D26 /* DUPRProfileTests.swift in Sources */ = {isa = PBXBuildFile; fileRef = 665DD2E2381E8DAD0E1A31C3 /* DUPRProfileTests.swift */; };
		21A8FEC6BE691264FAE691E7 /* MatchEngineTests.swift in Sources */ = {isa = PBXBuildFile; fileRef = CB744DF042767593746C101B /* MatchEngineTests.swift */; };
		25BCE5BEB1E98890F051A673 /* EquipmentSet.swift in Sources */ = {isa = PBXBuildFile; fileRef = 5F96F8D08C8F4FC655940785 /* EquipmentSet.swift */; };
		26134A1B57938FFC3E195A26 /* Wallet.swift in Sources */ = {isa = PBXBuildFile; fileRef = 775C461714AC3A47F1E99E0B /* Wallet.swift */; };
		2839DF2A3E920AD06E50AAA3 /* PlayerProfileViewModel.swift in Sources */ = {isa = PBXBuildFile; fileRef = 14730B939773D5593EEF66F9 /* PlayerProfileViewModel.swift */; };
		28AB4CC6F088EE0D1F7A279D /* MapItem.swift in Sources */ = {isa = PBXBuildFile; fileRef = 761E0DC7B75C06D52FBD491E /* MapItem.swift */; };
		2EDA97EBB0A6E7B56999B34B /* MatchViewModel.swift in Sources */ = {isa = PBXBuildFile; fileRef = 20C3B07BE8F5AC941C995746 /* MatchViewModel.swift */; };
		3057984831215C6587916C74 /* MatchHubView.swift in Sources */ = {isa = PBXBuildFile; fileRef = 9D397036B916DEC1B19A645F /* MatchHubView.swift */; };
		35CED6482D21AAD5F0F53425 /* MockMatchService.swift in Sources */ = {isa = PBXBuildFile; fileRef = 4DC470B6290926172C33A09F /* MockMatchService.swift */; };
		3A3878E9CF1C3B1BD53F30AD /* MatchResultView.swift in Sources */ = {isa = PBXBuildFile; fileRef = E37015A94BA1E07BCD8C05A5 /* MatchResultView.swift */; };
		3B050E3BBEEFF0A145385100 /* PlayerProfileView.swift in Sources */ = {isa = PBXBuildFile; fileRef = 02FF717F7DEC1E46AC1C7912 /* PlayerProfileView.swift */; };
		412DC22F0B76ED5957269316 /* StatAllocationView.swift in Sources */ = {isa = PBXBuildFile; fileRef = 71BCAA08F2AC0ED226B60E86 /* StatAllocationView.swift */; };
		43B535BCBF33D536997AD2BA /* EquipmentNameGenerator.swift in Sources */ = {isa = PBXBuildFile; fileRef = CDABEB3FE4D53ECE0EF7759B /* EquipmentNameGenerator.swift */; };
		4551C2277923A1D661225504 /* MockPlayerService.swift in Sources */ = {isa = PBXBuildFile; fileRef = A75F2EF611AE8E7A6FCC71E0 /* MockPlayerService.swift */; };
		46CF6D1A2CAC995CCA768029 /* LootGenerator.swift in Sources */ = {isa = PBXBuildFile; fileRef = 3BFE0CBC43F0E6621040BFCB /* LootGenerator.swift */; };
		473BB098A5401D2799FD9521 /* CourtDetailSheet.swift in Sources */ = {isa = PBXBuildFile; fileRef = A0A3F5F877F307464FDF9F72 /* CourtDetailSheet.swift */; };
		49657DCD34805C399017F8FA /* FatigueModelTests.swift in Sources */ = {isa = PBXBuildFile; fileRef = 549DF67C3EB0E36D696AE3EA /* FatigueModelTests.swift */; };
		4DAD72FBC09DA09E916FEB5B /* InventoryService.swift in Sources */ = {isa = PBXBuildFile; fileRef = AF0E26D687250C76182C3D4C /* InventoryService.swift */; };
		500C63BE9013D7DBB0CF32EE /* SpriteSheetLoader.swift in Sources */ = {isa = PBXBuildFile; fileRef = C11A0AC7AEE35D805C2CD630 /* SpriteSheetLoader.swift */; };
		51BC3FD6F41FDF4EDFE95E3C /* MatchHistoryRow.swift in Sources */ = {isa = PBXBuildFile; fileRef = 8DC83A9B8FA7C9441534B175 /* MatchHistoryRow.swift */; };
		571951E2E4725FBDC54CDA84 /* character2-Sheet.png in Resources */ = {isa = PBXBuildFile; fileRef = 392EA26F10E273F38B0D3BA7 /* character2-Sheet.png */; };
		5A43B7300C9756C5C0783F92 /* MatchAction.swift in Sources */ = {isa = PBXBuildFile; fileRef = 202A83825C89EF08D54F91B4 /* MatchAction.swift */; };
		5CC05AE0BF17214046CCAFD1 /* StoreView.swift in Sources */ = {isa = PBXBuildFile; fileRef = C0752261B8ED02D534503C85 /* StoreView.swift */; };
		5F0BAB40AD8F1693B19EA076 /* SKNode+Async.swift in Sources */ = {isa = PBXBuildFile; fileRef = 8D4DA40EDD426D2F7E3FE0E5 /* SKNode+Async.swift */; };
		60C1CA5709BB3E240DBDCB74 /* NPCPickerView.swift in Sources */ = {isa = PBXBuildFile; fileRef = 40CF56E088227F546C60B738 /* NPCPickerView.swift */; };
		61ABDD9DBF6C28F76F3D5E5F /* StoreViewModel.swift in Sources */ = {isa = PBXBuildFile; fileRef = AEFAD8E2F8A415500DC0220A /* StoreViewModel.swift */; };
		64AC9A5DACABD53728F0D8A3 /* CourtRenderer.swift in Sources */ = {isa = PBXBuildFile; fileRef = 20CB71F51995E7A0C850F231 /* CourtRenderer.swift */; };
		66DE4973BD9BED0C2197BD50 /* EquipmentAbility.swift in Sources */ = {isa = PBXBuildFile; fileRef = 13D27DD38A3C07AF3DC1F5AF /* EquipmentAbility.swift */; };
		694E9D55D983B6A7B17E33F3 /* EquipmentDetailView.swift in Sources */ = {isa = PBXBuildFile; fileRef = CC56C33DEA89A36C94D6A5DE /* EquipmentDetailView.swift */; };
		6EC9B25135C35C3965C18609 /* MatchActionButtons.swift in Sources */ = {isa = PBXBuildFile; fileRef = F5C109738393E6303B611E62 /* MatchActionButtons.swift */; };
		72218CB4A65BD13B1CE5DDD9 /* MomentumTrackerTests.swift in Sources */ = {isa = PBXBuildFile; fileRef = 1B134E5A041B5743FC9C0BBC /* MomentumTrackerTests.swift */; };
		72B54FB6B5F49BBA080E5BB7 /* LootDropRow.swift in Sources */ = {isa = PBXBuildFile; fileRef = 5408E905229A627A3B5BAA80 /* LootDropRow.swift */; };
		74E78A543C1A38A6C0C2CA25 /* MockInventoryService.swift in Sources */ = {isa = PBXBuildFile; fileRef = 596C158D03744C9EBA1A7870 /* MockInventoryService.swift */; };
		7705B9AD737067D549D42B48 /* SpriteFactory.swift in Sources */ = {isa = PBXBuildFile; fileRef = A98EFC913DC82F82C6459DF1 /* SpriteFactory.swift */; };
		77F751CCE1AC083DD17E8B36 /* MatchConfig.swift in Sources */ = {isa = PBXBuildFile; fileRef = ECEA1686848E23241264008F /* MatchConfig.swift */; };
		784F9AB42DE8809127A302A1 /* MomentumTracker.swift in Sources */ = {isa = PBXBuildFile; fileRef = 64FE8C463FC243A364CDD109 /* MomentumTracker.swift */; };
		7925FA2AB77DB5D5CB6B2B4A /* MatchPoint.swift in Sources */ = {isa = PBXBuildFile; fileRef = 113D32D22345163D83B3B9D9 /* MatchPoint.swift */; };
		7C28EC5E2BDA53B5A0DDC7FD /* PointResolver.swift in Sources */ = {isa = PBXBuildFile; fileRef = D08207D8485476682AC02577 /* PointResolver.swift */; };
		7D38D7EB38143D8854EE48C0 /* Consumable.swift in Sources */ = {isa = PBXBuildFile; fileRef = F78EDF9FACA3C6EB32CC7BAF /* Consumable.swift */; };
		7D96587EFB503CAA3EAEEED0 /* NPCService.swift in Sources */ = {isa = PBXBuildFile; fileRef = 317B5B682D9B2CC67773486B /* NPCService.swift */; };
		86C302D05629B8C69B15757A /* PerformanceView.swift in Sources */ = {isa = PBXBuildFile; fileRef = FEB6871F2BC9AB0D6E1EBD19 /* PerformanceView.swift */; };
		87FC21F3F57E1F3D93EC6104 /* Player.swift in Sources */ = {isa = PBXBuildFile; fileRef = FF93932170EAA8760BA56E83 /* Player.swift */; };
		8CE2A745A019908957FED502 /* CourtAnnotationView.swift in Sources */ = {isa = PBXBuildFile; fileRef = A9FE1BBA7AC5DE918DA1EC60 /* CourtAnnotationView.swift */; };
		902F65DDE7981382B64D20BB /* PlayerStats.swift in Sources */ = {isa = PBXBuildFile; fileRef = FA01C280E5F28D53830ED79E /* PlayerStats.swift */; };
		9082675C17CCC084A5BEDBB1 /* AppState.swift in Sources */ = {isa = PBXBuildFile; fileRef = 3AEAB8CBD3D6D5C1EBBECABA /* AppState.swift */; };
		952F90E2AC4730346AE0E1F1 /* MatchActionTests.swift in Sources */ = {isa = PBXBuildFile; fileRef = C9322F41B5638789C5F80C80 /* MatchActionTests.swift */; };
		95681C2A013819E0A47237C1 /* DevModeView.swift in Sources */ = {isa = PBXBuildFile; fileRef = 144F008DAAEF10FB97289E80 /* DevModeView.swift */; };
		9D439B12DA3E48072B924068 /* MatchSpriteView.swift in Sources */ = {isa = PBXBuildFile; fileRef = 6918B86594312D1407B045AB /* MatchSpriteView.swift */; };
		A096F6D670873DBA106FA1AC /* MapViewModel.swift in Sources */ = {isa = PBXBuildFile; fileRef = 2718E94C057C8A67B15C822B /* MapViewModel.swift */; };
		A10F0FF3F349FAF8D6F50647 /* PickleQuestUITests.swift in Sources */ = {isa = PBXBuildFile; fileRef = 7B9C13867B41A5C25A60AE0F /* PickleQuestUITests.swift */; };
		A5120AA31F0A8AEBBBFC9900 /* EquipmentSetTests.swift in Sources */ = {isa = PBXBuildFile; fileRef = 1D8901DF47B273A28A842991 /* EquipmentSetTests.swift */; };
		A59A00DD59A508DD8118D1B7 /* MockStoreService.swift in Sources */ = {isa = PBXBuildFile; fileRef = D7AEE335773012DD0EA1E5EF /* MockStoreService.swift */; };
		A626669F5ACFF89A909F5072 /* StatBar.swift in Sources */ = {isa = PBXBuildFile; fileRef = A76446B9A2021FE2A0668EC0 /* StatBar.swift */; };
		AA8CE763EB065822FA23CCA0 /* CharacterAnimationState.swift in Sources */ = {isa = PBXBuildFile; fileRef = F5DFB7311C2DB71DFA7ADED7 /* CharacterAnimationState.swift */; };
		AFADB2EE7CFC9A8B6114BF26 /* RallySimulator.swift in Sources */ = {isa = PBXBuildFile; fileRef = F35FD040AF4661A856F9D6FA /* RallySimulator.swift */; };
		B04EDE991297618814A545E4 /* StatCalculator.swift in Sources */ = {isa = PBXBuildFile; fileRef = 840065301D6F3845B7E589EA /* StatCalculator.swift */; };
		B26771FE90898DD826D9B56D /* EquipmentSlot.swift in Sources */ = {isa = PBXBuildFile; fileRef = 4C0D6A9C6DD259AB87FE0D21 /* EquipmentSlot.swift */; };
		B5C0FEFD9E53A201516D645C /* MatchEvent.swift in Sources */ = {isa = PBXBuildFile; fileRef = 7E2060A9BBEF6769156A056F /* MatchEvent.swift */; };
		B926619285D7778F1326F291 /* EquipmentRarity.swift in Sources */ = {isa = PBXBuildFile; fileRef = 6DE2F3174E21AC04B25ECDDA /* EquipmentRarity.swift */; };
		BAA582D6CAEDE37C2893C67B /* MockCourtService.swift in Sources */ = {isa = PBXBuildFile; fileRef = F39ADA4591D8FEDB86F5DAE7 /* MockCourtService.swift */; };
		BD107C1E7156DC796543C80E /* MatchAnimator.swift in Sources */ = {isa = PBXBuildFile; fileRef = 3B97CA559D005D19373B923E /* MatchAnimator.swift */; };
		BDC86FDAA4439CFE42A0F107 /* ball.png in Resources */ = {isa = PBXBuildFile; fileRef = CCDA3BA6ED33B0BCB7D1E92D /* ball.png */; };
		C043BA9B8317B6BC00C438D6 /* DUPRCalculatorTests.swift in Sources */ = {isa = PBXBuildFile; fileRef = D93674CFBCAE7C8A5EB63610 /* DUPRCalculatorTests.swift */; };
		C31CD5CA9BE818B447085B10 /* character1-Sheet.png in Resources */ = {isa = PBXBuildFile; fileRef = 0E3B9DA82455DDC9859651BB /* character1-Sheet.png */; };
		C42CE90D2DA3273949387E7D /* MatchEngine.swift in Sources */ = {isa = PBXBuildFile; fileRef = 912C27A2B8A18DDDEDA05D69 /* MatchEngine.swift */; };
		C568849F3E7E70B323E268D6 /* DependencyContainer.swift in Sources */ = {isa = PBXBuildFile; fileRef = 3C7DF57C299CE8D8DF73B080 /* DependencyContainer.swift */; };
		C59FDDAFB1C1E9CE54336D15 /* MatchCourtScene.swift in Sources */ = {isa = PBXBuildFile; fileRef = 6DF9A9414A06C483D6964FE9 /* MatchCourtScene.swift */; };
		C7E0584C2C5148BE0F63989B /* LevelUpBanner.swift in Sources */ = {isa = PBXBuildFile; fileRef = F75BF66C5ABC414685644FB7 /* LevelUpBanner.swift */; };
		CD7F3AAC4180F9ECBFCA635D /* EquipmentCardView.swift in Sources */ = {isa = PBXBuildFile; fileRef = B619B590B70982D275E99B1B /* EquipmentCardView.swift */; };
		CDB582B28BCB65C90D6A3E06 /* RepProfile.swift in Sources */ = {isa = PBXBuildFile; fileRef = 87E6BC2CEDE4611F9F591DD0 /* RepProfile.swift */; };
		CDBE28F6BF3462D4396D9340 /* RepCalculator.swift in Sources */ = {isa = PBXBuildFile; fileRef = 7C1AE74519D395EBC944F80F /* RepCalculator.swift */; };
		CDD6F64EBB582172E07C0CD1 /* LocationManager.swift in Sources */ = {isa = PBXBuildFile; fileRef = 626A44F16E3DD96990C0879B /* LocationManager.swift */; };
		D05971C85E3233F7F3A7421A /* UIColor+Hex.swift in Sources */ = {isa = PBXBuildFile; fileRef = B85291B7FDEBBCCCD587FAC6 /* UIColor+Hex.swift */; };
		D0867DCDFEE42EB11B8FFF3D /* MatchHistoryEntry.swift in Sources */ = {isa = PBXBuildFile; fileRef = 1C16E89037C904100D1C317F /* MatchHistoryEntry.swift */; };
		D0DB3E7B604374E484843D56 /* StoreItemCard.swift in Sources */ = {isa = PBXBuildFile; fileRef = 5A0D6102CDEE0226239FB7ED /* StoreItemCard.swift */; };
		D1C34495E0D732C0A1341776 /* ContentView.swift in Sources */ = {isa = PBXBuildFile; fileRef = A5EA4DC48371B4ABC65DBEA0 /* ContentView.swift */; };
		D726C1B09F3C251DB2798EBB /* MockNPCService.swift in Sources */ = {isa = PBXBuildFile; fileRef = CE09A927C4E070179DA2B55B /* MockNPCService.swift */; };
		D8C4B3036E5214BAE018D4BD /* AppearanceGenerator.swift in Sources */ = {isa = PBXBuildFile; fileRef = 8643BD07D4ED9ECD24B2D8EC /* AppearanceGenerator.swift */; };
		D94A60FDE166721728A7C6FD /* PlayerService.swift in Sources */ = {isa = PBXBuildFile; fileRef = 584959296BFD092ED3EE3FD8 /* PlayerService.swift */; };
		DB1E24C03C5CA4CDFAA83ABD /* MatchResult.swift in Sources */ = {isa = PBXBuildFile; fileRef = 784E4E44166C3416091BA7E0 /* MatchResult.swift */; };
		DBE5F18AC6CBE4C42E7A712E /* StatCalculatorTests.swift in Sources */ = {isa = PBXBuildFile; fileRef = B75B283E423B33D740D8EB72 /* StatCalculatorTests.swift */; };
		E4717F50B056288CFD1D8397 /* MapContentView.swift in Sources */ = {isa = PBXBuildFile; fileRef = A9E31089B41F8413BDA64BB1 /* MapContentView.swift */; };
		E6F707FA78EEF37EBF192904 /* RarityBadge.swift in Sources */ = {isa = PBXBuildFile; fileRef = 9F69B4AC575F890472955931 /* RarityBadge.swift */; };
		EA2BB3213BC970E6160006AD /* DUPRCalculator.swift in Sources */ = {isa = PBXBuildFile; fileRef = C45FB6A27A9A3E5D0D9E080C /* DUPRCalculator.swift */; };
		EE2059E8882E44409C0B7255 /* Court.swift in Sources */ = {isa = PBXBuildFile; fileRef = D3105ACD6B6235A1CE3055FC /* Court.swift */; };
		EFE1996F96F40167DAFB4032 /* FatigueModel.swift in Sources */ = {isa = PBXBuildFile; fileRef = 5A0FFE7F286E16DF1CB68BDB /* FatigueModel.swift */; };
		F0E6CC3AE8F78A6B3B951572 /* StoreItem.swift in Sources */ = {isa = PBXBuildFile; fileRef = B58F409C0413C7C983E62A1A /* StoreItem.swift */; };
		F2A74E1AACB4DE039B603545 /* MatchService.swift in Sources */ = {isa = PBXBuildFile; fileRef = 46B06729836D2E4D76ECC28B /* MatchService.swift */; };
		F2E663160A6E773AAC127E77 /* GameConstants.swift in Sources */ = {isa = PBXBuildFile; fileRef = 34188BBE97EE7E2D002892CE /* GameConstants.swift */; };
		F389FCF6873F6777A0D4B3C5 /* StoreService.swift in Sources */ = {isa = PBXBuildFile; fileRef = 01992CB63887808953615677 /* StoreService.swift */; };
		F45115D8662B6784B8EABDB1 /* InventoryView.swift in Sources */ = {isa = PBXBuildFile; fileRef = E5CEC35A0CEB4D245BCFE7C6 /* InventoryView.swift */; };
		F7AC5CB510EB35254105DCE4 /* Equipment.swift in Sources */ = {isa = PBXBuildFile; fileRef = BE3FB9F0A9E372A5A0CB3D66 /* Equipment.swift */; };
		F8EB27192BD681D5C6389AD3 /* PickleQuestApp.swift in Sources */ = {isa = PBXBuildFile; fileRef = 9D9C040E3A053E3DAC2DD0AC /* PickleQuestApp.swift */; };
/* End PBXBuildFile section */

/* Begin PBXContainerItemProxy section */
		2674E19DCCAD652DB5A8C8C5 /* PBXContainerItemProxy */ = {
			isa = PBXContainerItemProxy;
			containerPortal = EAB6AE60657DE22B5FD3118C /* Project object */;
			proxyType = 1;
			remoteGlobalIDString = 06B1C32CDD2A45D368A92289;
			remoteInfo = PickleQuest;
		};
		351698797991F93177BA96B0 /* PBXContainerItemProxy */ = {
			isa = PBXContainerItemProxy;
			containerPortal = EAB6AE60657DE22B5FD3118C /* Project object */;
			proxyType = 1;
			remoteGlobalIDString = 06B1C32CDD2A45D368A92289;
			remoteInfo = PickleQuest;
		};
/* End PBXContainerItemProxy section */

/* Begin PBXFileReference section */
		01992CB63887808953615677 /* StoreService.swift */ = {isa = PBXFileReference; lastKnownFileType = sourcecode.swift; path = StoreService.swift; sourceTree = "<group>"; };
		02FF717F7DEC1E46AC1C7912 /* PlayerProfileView.swift */ = {isa = PBXFileReference; lastKnownFileType = sourcecode.swift; path = PlayerProfileView.swift; sourceTree = "<group>"; };
		0C2A0910DA48FBCFB568311B /* CLLocationCoordinate2D+Sendable.swift */ = {isa = PBXFileReference; lastKnownFileType = sourcecode.swift; path = "CLLocationCoordinate2D+Sendable.swift"; sourceTree = "<group>"; };
		0E3B9DA82455DDC9859651BB /* character1-Sheet.png */ = {isa = PBXFileReference; lastKnownFileType = image.png; path = "character1-Sheet.png"; sourceTree = "<group>"; };
		113D32D22345163D83B3B9D9 /* MatchPoint.swift */ = {isa = PBXFileReference; lastKnownFileType = sourcecode.swift; path = MatchPoint.swift; sourceTree = "<group>"; };
		1189DB1F3E1BDB85799DBDD7 /* SpriteSheetAnimator.swift */ = {isa = PBXFileReference; lastKnownFileType = sourcecode.swift; path = SpriteSheetAnimator.swift; sourceTree = "<group>"; };
		13D27DD38A3C07AF3DC1F5AF /* EquipmentAbility.swift */ = {isa = PBXFileReference; lastKnownFileType = sourcecode.swift; path = EquipmentAbility.swift; sourceTree = "<group>"; };
		144F008DAAEF10FB97289E80 /* DevModeView.swift */ = {isa = PBXFileReference; lastKnownFileType = sourcecode.swift; path = DevModeView.swift; sourceTree = "<group>"; };
		14730B939773D5593EEF66F9 /* PlayerProfileViewModel.swift */ = {isa = PBXFileReference; lastKnownFileType = sourcecode.swift; path = PlayerProfileViewModel.swift; sourceTree = "<group>"; };
		1675D372694A305F611FE32D /* NPC.swift */ = {isa = PBXFileReference; lastKnownFileType = sourcecode.swift; path = NPC.swift; sourceTree = "<group>"; };
		18092C844ECE15E47E4AB4F1 /* PickleQuestTests.xctest */ = {isa = PBXFileReference; includeInIndex = 0; lastKnownFileType = wrapper.cfbundle; path = PickleQuestTests.xctest; sourceTree = BUILT_PRODUCTS_DIR; };
		1B134E5A041B5743FC9C0BBC /* MomentumTrackerTests.swift */ = {isa = PBXFileReference; lastKnownFileType = sourcecode.swift; path = MomentumTrackerTests.swift; sourceTree = "<group>"; };
		1C16E89037C904100D1C317F /* MatchHistoryEntry.swift */ = {isa = PBXFileReference; lastKnownFileType = sourcecode.swift; path = MatchHistoryEntry.swift; sourceTree = "<group>"; };
		1D8901DF47B273A28A842991 /* EquipmentSetTests.swift */ = {isa = PBXFileReference; lastKnownFileType = sourcecode.swift; path = EquipmentSetTests.swift; sourceTree = "<group>"; };
		1EA16300A59A2F1C52C8B9CF /* PickleQuest.app */ = {isa = PBXFileReference; includeInIndex = 0; lastKnownFileType = wrapper.application; path = PickleQuest.app; sourceTree = BUILT_PRODUCTS_DIR; };
		202A83825C89EF08D54F91B4 /* MatchAction.swift */ = {isa = PBXFileReference; lastKnownFileType = sourcecode.swift; path = MatchAction.swift; sourceTree = "<group>"; };
		20C3B07BE8F5AC941C995746 /* MatchViewModel.swift */ = {isa = PBXFileReference; lastKnownFileType = sourcecode.swift; path = MatchViewModel.swift; sourceTree = "<group>"; };
		20CB71F51995E7A0C850F231 /* CourtRenderer.swift */ = {isa = PBXFileReference; lastKnownFileType = sourcecode.swift; path = CourtRenderer.swift; sourceTree = "<group>"; };
		2718E94C057C8A67B15C822B /* MapViewModel.swift */ = {isa = PBXFileReference; lastKnownFileType = sourcecode.swift; path = MapViewModel.swift; sourceTree = "<group>"; };
		2F1DCE8C0C6EC3452588B923 /* PickleQuestUITests.xctest */ = {isa = PBXFileReference; includeInIndex = 0; lastKnownFileType = wrapper.cfbundle; path = PickleQuestUITests.xctest; sourceTree = BUILT_PRODUCTS_DIR; };
		317B5B682D9B2CC67773486B /* NPCService.swift */ = {isa = PBXFileReference; lastKnownFileType = sourcecode.swift; path = NPCService.swift; sourceTree = "<group>"; };
		34188BBE97EE7E2D002892CE /* GameConstants.swift */ = {isa = PBXFileReference; lastKnownFileType = sourcecode.swift; path = GameConstants.swift; sourceTree = "<group>"; };
		392EA26F10E273F38B0D3BA7 /* character2-Sheet.png */ = {isa = PBXFileReference; lastKnownFileType = image.png; path = "character2-Sheet.png"; sourceTree = "<group>"; };
		3AEAB8CBD3D6D5C1EBBECABA /* AppState.swift */ = {isa = PBXFileReference; lastKnownFileType = sourcecode.swift; path = AppState.swift; sourceTree = "<group>"; };
		3B97CA559D005D19373B923E /* MatchAnimator.swift */ = {isa = PBXFileReference; lastKnownFileType = sourcecode.swift; path = MatchAnimator.swift; sourceTree = "<group>"; };
		3BFE0CBC43F0E6621040BFCB /* LootGenerator.swift */ = {isa = PBXFileReference; lastKnownFileType = sourcecode.swift; path = LootGenerator.swift; sourceTree = "<group>"; };
		3C7D0E4AD263AFFDB2620896 /* EquipmentSlotsView.swift */ = {isa = PBXFileReference; lastKnownFileType = sourcecode.swift; path = EquipmentSlotsView.swift; sourceTree = "<group>"; };
		3C7DF57C299CE8D8DF73B080 /* DependencyContainer.swift */ = {isa = PBXFileReference; lastKnownFileType = sourcecode.swift; path = DependencyContainer.swift; sourceTree = "<group>"; };
		3FE0743BF162137BA3E922FE /* LootGeneratorTests.swift */ = {isa = PBXFileReference; lastKnownFileType = sourcecode.swift; path = LootGeneratorTests.swift; sourceTree = "<group>"; };
		40CF56E088227F546C60B738 /* NPCPickerView.swift */ = {isa = PBXFileReference; lastKnownFileType = sourcecode.swift; path = NPCPickerView.swift; sourceTree = "<group>"; };
		46B06729836D2E4D76ECC28B /* MatchService.swift */ = {isa = PBXFileReference; lastKnownFileType = sourcecode.swift; path = MatchService.swift; sourceTree = "<group>"; };
		4C0D6A9C6DD259AB87FE0D21 /* EquipmentSlot.swift */ = {isa = PBXFileReference; lastKnownFileType = sourcecode.swift; path = EquipmentSlot.swift; sourceTree = "<group>"; };
		4DC470B6290926172C33A09F /* MockMatchService.swift */ = {isa = PBXFileReference; lastKnownFileType = sourcecode.swift; path = MockMatchService.swift; sourceTree = "<group>"; };
		51DD3F8872DF216E539BB427 /* DUPRProfile.swift */ = {isa = PBXFileReference; lastKnownFileType = sourcecode.swift; path = DUPRProfile.swift; sourceTree = "<group>"; };
		52C2A0413DC0CD20FB85994C /* PlayerProgression.swift */ = {isa = PBXFileReference; lastKnownFileType = sourcecode.swift; path = PlayerProgression.swift; sourceTree = "<group>"; };
		5408E905229A627A3B5BAA80 /* LootDropRow.swift */ = {isa = PBXFileReference; lastKnownFileType = sourcecode.swift; path = LootDropRow.swift; sourceTree = "<group>"; };
		549DF67C3EB0E36D696AE3EA /* FatigueModelTests.swift */ = {isa = PBXFileReference; lastKnownFileType = sourcecode.swift; path = FatigueModelTests.swift; sourceTree = "<group>"; };
		584959296BFD092ED3EE3FD8 /* PlayerService.swift */ = {isa = PBXFileReference; lastKnownFileType = sourcecode.swift; path = PlayerService.swift; sourceTree = "<group>"; };
		596C158D03744C9EBA1A7870 /* MockInventoryService.swift */ = {isa = PBXFileReference; lastKnownFileType = sourcecode.swift; path = MockInventoryService.swift; sourceTree = "<group>"; };
		5A0D6102CDEE0226239FB7ED /* StoreItemCard.swift */ = {isa = PBXFileReference; lastKnownFileType = sourcecode.swift; path = StoreItemCard.swift; sourceTree = "<group>"; };
		5A0FFE7F286E16DF1CB68BDB /* FatigueModel.swift */ = {isa = PBXFileReference; lastKnownFileType = sourcecode.swift; path = FatigueModel.swift; sourceTree = "<group>"; };
		5F96F8D08C8F4FC655940785 /* EquipmentSet.swift */ = {isa = PBXFileReference; lastKnownFileType = sourcecode.swift; path = EquipmentSet.swift; sourceTree = "<group>"; };
		626A44F16E3DD96990C0879B /* LocationManager.swift */ = {isa = PBXFileReference; lastKnownFileType = sourcecode.swift; path = LocationManager.swift; sourceTree = "<group>"; };
		64FE8C463FC243A364CDD109 /* MomentumTracker.swift */ = {isa = PBXFileReference; lastKnownFileType = sourcecode.swift; path = MomentumTracker.swift; sourceTree = "<group>"; };
		665DD2E2381E8DAD0E1A31C3 /* DUPRProfileTests.swift */ = {isa = PBXFileReference; lastKnownFileType = sourcecode.swift; path = DUPRProfileTests.swift; sourceTree = "<group>"; };
		6918B86594312D1407B045AB /* MatchSpriteView.swift */ = {isa = PBXFileReference; lastKnownFileType = sourcecode.swift; path = MatchSpriteView.swift; sourceTree = "<group>"; };
		6DE2F3174E21AC04B25ECDDA /* EquipmentRarity.swift */ = {isa = PBXFileReference; lastKnownFileType = sourcecode.swift; path = EquipmentRarity.swift; sourceTree = "<group>"; };
		6DF9A9414A06C483D6964FE9 /* MatchCourtScene.swift */ = {isa = PBXFileReference; lastKnownFileType = sourcecode.swift; path = MatchCourtScene.swift; sourceTree = "<group>"; };
		71BCAA08F2AC0ED226B60E86 /* StatAllocationView.swift */ = {isa = PBXFileReference; lastKnownFileType = sourcecode.swift; path = StatAllocationView.swift; sourceTree = "<group>"; };
		73B3FD5E1D993A1A80123844 /* MatchSimulationView.swift */ = {isa = PBXFileReference; lastKnownFileType = sourcecode.swift; path = MatchSimulationView.swift; sourceTree = "<group>"; };
		761E0DC7B75C06D52FBD491E /* MapItem.swift */ = {isa = PBXFileReference; lastKnownFileType = sourcecode.swift; path = MapItem.swift; sourceTree = "<group>"; };
		775C461714AC3A47F1E99E0B /* Wallet.swift */ = {isa = PBXFileReference; lastKnownFileType = sourcecode.swift; path = Wallet.swift; sourceTree = "<group>"; };
		784E4E44166C3416091BA7E0 /* MatchResult.swift */ = {isa = PBXFileReference; lastKnownFileType = sourcecode.swift; path = MatchResult.swift; sourceTree = "<group>"; };
		7B9C13867B41A5C25A60AE0F /* PickleQuestUITests.swift */ = {isa = PBXFileReference; lastKnownFileType = sourcecode.swift; path = PickleQuestUITests.swift; sourceTree = "<group>"; };
		7C1AE74519D395EBC944F80F /* RepCalculator.swift */ = {isa = PBXFileReference; lastKnownFileType = sourcecode.swift; path = RepCalculator.swift; sourceTree = "<group>"; };
		7E2060A9BBEF6769156A056F /* MatchEvent.swift */ = {isa = PBXFileReference; lastKnownFileType = sourcecode.swift; path = MatchEvent.swift; sourceTree = "<group>"; };
		840065301D6F3845B7E589EA /* StatCalculator.swift */ = {isa = PBXFileReference; lastKnownFileType = sourcecode.swift; path = StatCalculator.swift; sourceTree = "<group>"; };
		8643BD07D4ED9ECD24B2D8EC /* AppearanceGenerator.swift */ = {isa = PBXFileReference; lastKnownFileType = sourcecode.swift; path = AppearanceGenerator.swift; sourceTree = "<group>"; };
		87E6BC2CEDE4611F9F591DD0 /* RepProfile.swift */ = {isa = PBXFileReference; lastKnownFileType = sourcecode.swift; path = RepProfile.swift; sourceTree = "<group>"; };
		8D4DA40EDD426D2F7E3FE0E5 /* SKNode+Async.swift */ = {isa = PBXFileReference; lastKnownFileType = sourcecode.swift; path = "SKNode+Async.swift"; sourceTree = "<group>"; };
		8DC83A9B8FA7C9441534B175 /* MatchHistoryRow.swift */ = {isa = PBXFileReference; lastKnownFileType = sourcecode.swift; path = MatchHistoryRow.swift; sourceTree = "<group>"; };
		912C27A2B8A18DDDEDA05D69 /* MatchEngine.swift */ = {isa = PBXFileReference; lastKnownFileType = sourcecode.swift; path = MatchEngine.swift; sourceTree = "<group>"; };
		935402BCE85914A3F49418A7 /* ColorReplacer.swift */ = {isa = PBXFileReference; lastKnownFileType = sourcecode.swift; path = ColorReplacer.swift; sourceTree = "<group>"; };
		9D397036B916DEC1B19A645F /* MatchHubView.swift */ = {isa = PBXFileReference; lastKnownFileType = sourcecode.swift; path = MatchHubView.swift; sourceTree = "<group>"; };
		9D9C040E3A053E3DAC2DD0AC /* PickleQuestApp.swift */ = {isa = PBXFileReference; lastKnownFileType = sourcecode.swift; path = PickleQuestApp.swift; sourceTree = "<group>"; };
		9F69B4AC575F890472955931 /* RarityBadge.swift */ = {isa = PBXFileReference; lastKnownFileType = sourcecode.swift; path = RarityBadge.swift; sourceTree = "<group>"; };
		9F80B1209767EBD9BA7EAC8D /* CourtService.swift */ = {isa = PBXFileReference; lastKnownFileType = sourcecode.swift; path = CourtService.swift; sourceTree = "<group>"; };
		A0A3F5F877F307464FDF9F72 /* CourtDetailSheet.swift */ = {isa = PBXFileReference; lastKnownFileType = sourcecode.swift; path = CourtDetailSheet.swift; sourceTree = "<group>"; };
		A5EA4DC48371B4ABC65DBEA0 /* ContentView.swift */ = {isa = PBXFileReference; lastKnownFileType = sourcecode.swift; path = ContentView.swift; sourceTree = "<group>"; };
		A75F2EF611AE8E7A6FCC71E0 /* MockPlayerService.swift */ = {isa = PBXFileReference; lastKnownFileType = sourcecode.swift; path = MockPlayerService.swift; sourceTree = "<group>"; };
		A76446B9A2021FE2A0668EC0 /* StatBar.swift */ = {isa = PBXFileReference; lastKnownFileType = sourcecode.swift; path = StatBar.swift; sourceTree = "<group>"; };
		A98EFC913DC82F82C6459DF1 /* SpriteFactory.swift */ = {isa = PBXFileReference; lastKnownFileType = sourcecode.swift; path = SpriteFactory.swift; sourceTree = "<group>"; };
		A9E31089B41F8413BDA64BB1 /* MapContentView.swift */ = {isa = PBXFileReference; lastKnownFileType = sourcecode.swift; path = MapContentView.swift; sourceTree = "<group>"; };
		A9FE1BBA7AC5DE918DA1EC60 /* CourtAnnotationView.swift */ = {isa = PBXFileReference; lastKnownFileType = sourcecode.swift; path = CourtAnnotationView.swift; sourceTree = "<group>"; };
		AEFAD8E2F8A415500DC0220A /* StoreViewModel.swift */ = {isa = PBXFileReference; lastKnownFileType = sourcecode.swift; path = StoreViewModel.swift; sourceTree = "<group>"; };
		AF0E26D687250C76182C3D4C /* InventoryService.swift */ = {isa = PBXFileReference; lastKnownFileType = sourcecode.swift; path = InventoryService.swift; sourceTree = "<group>"; };
		B58F409C0413C7C983E62A1A /* StoreItem.swift */ = {isa = PBXFileReference; lastKnownFileType = sourcecode.swift; path = StoreItem.swift; sourceTree = "<group>"; };
		B619B590B70982D275E99B1B /* EquipmentCardView.swift */ = {isa = PBXFileReference; lastKnownFileType = sourcecode.swift; path = EquipmentCardView.swift; sourceTree = "<group>"; };
		B645A22F0D9CDF3E5A80D89D /* MatchAnimationConstants.swift */ = {isa = PBXFileReference; lastKnownFileType = sourcecode.swift; path = MatchAnimationConstants.swift; sourceTree = "<group>"; };
		B75B283E423B33D740D8EB72 /* StatCalculatorTests.swift */ = {isa = PBXFileReference; lastKnownFileType = sourcecode.swift; path = StatCalculatorTests.swift; sourceTree = "<group>"; };
		B85291B7FDEBBCCCD587FAC6 /* UIColor+Hex.swift */ = {isa = PBXFileReference; lastKnownFileType = sourcecode.swift; path = "UIColor+Hex.swift"; sourceTree = "<group>"; };
		BE3FB9F0A9E372A5A0CB3D66 /* Equipment.swift */ = {isa = PBXFileReference; lastKnownFileType = sourcecode.swift; path = Equipment.swift; sourceTree = "<group>"; };
		C0752261B8ED02D534503C85 /* StoreView.swift */ = {isa = PBXFileReference; lastKnownFileType = sourcecode.swift; path = StoreView.swift; sourceTree = "<group>"; };
		C11A0AC7AEE35D805C2CD630 /* SpriteSheetLoader.swift */ = {isa = PBXFileReference; lastKnownFileType = sourcecode.swift; path = SpriteSheetLoader.swift; sourceTree = "<group>"; };
		C45FB6A27A9A3E5D0D9E080C /* DUPRCalculator.swift */ = {isa = PBXFileReference; lastKnownFileType = sourcecode.swift; path = DUPRCalculator.swift; sourceTree = "<group>"; };
		C9322F41B5638789C5F80C80 /* MatchActionTests.swift */ = {isa = PBXFileReference; lastKnownFileType = sourcecode.swift; path = MatchActionTests.swift; sourceTree = "<group>"; };
		CB744DF042767593746C101B /* MatchEngineTests.swift */ = {isa = PBXFileReference; lastKnownFileType = sourcecode.swift; path = MatchEngineTests.swift; sourceTree = "<group>"; };
		CC56C33DEA89A36C94D6A5DE /* EquipmentDetailView.swift */ = {isa = PBXFileReference; lastKnownFileType = sourcecode.swift; path = EquipmentDetailView.swift; sourceTree = "<group>"; };
		CCDA3BA6ED33B0BCB7D1E92D /* ball.png */ = {isa = PBXFileReference; lastKnownFileType = image.png; path = ball.png; sourceTree = "<group>"; };
		CCDD3AF27C7FE92C46AD5297 /* InventoryViewModel.swift */ = {isa = PBXFileReference; lastKnownFileType = sourcecode.swift; path = InventoryViewModel.swift; sourceTree = "<group>"; };
		CDABEB3FE4D53ECE0EF7759B /* EquipmentNameGenerator.swift */ = {isa = PBXFileReference; lastKnownFileType = sourcecode.swift; path = EquipmentNameGenerator.swift; sourceTree = "<group>"; };
		CE09A927C4E070179DA2B55B /* MockNPCService.swift */ = {isa = PBXFileReference; lastKnownFileType = sourcecode.swift; path = MockNPCService.swift; sourceTree = "<group>"; };
		D08207D8485476682AC02577 /* PointResolver.swift */ = {isa = PBXFileReference; lastKnownFileType = sourcecode.swift; path = PointResolver.swift; sourceTree = "<group>"; };
		D3105ACD6B6235A1CE3055FC /* Court.swift */ = {isa = PBXFileReference; lastKnownFileType = sourcecode.swift; path = Court.swift; sourceTree = "<group>"; };
		D7AEE335773012DD0EA1E5EF /* MockStoreService.swift */ = {isa = PBXFileReference; lastKnownFileType = sourcecode.swift; path = MockStoreService.swift; sourceTree = "<group>"; };
		D93674CFBCAE7C8A5EB63610 /* DUPRCalculatorTests.swift */ = {isa = PBXFileReference; lastKnownFileType = sourcecode.swift; path = DUPRCalculatorTests.swift; sourceTree = "<group>"; };
		D9B6786F66B8934634A8830A /* CharacterAppearance.swift */ = {isa = PBXFileReference; lastKnownFileType = sourcecode.swift; path = CharacterAppearance.swift; sourceTree = "<group>"; };
		E37015A94BA1E07BCD8C05A5 /* MatchResultView.swift */ = {isa = PBXFileReference; lastKnownFileType = sourcecode.swift; path = MatchResultView.swift; sourceTree = "<group>"; };
		E4670681121ECFF68169B37B /* Info.plist */ = {isa = PBXFileReference; lastKnownFileType = text.plist; path = Info.plist; sourceTree = "<group>"; };
		E5CEC35A0CEB4D245BCFE7C6 /* InventoryView.swift */ = {isa = PBXFileReference; lastKnownFileType = sourcecode.swift; path = InventoryView.swift; sourceTree = "<group>"; };
		ECEA1686848E23241264008F /* MatchConfig.swift */ = {isa = PBXFileReference; lastKnownFileType = sourcecode.swift; path = MatchConfig.swift; sourceTree = "<group>"; };
		F35FD040AF4661A856F9D6FA /* RallySimulator.swift */ = {isa = PBXFileReference; lastKnownFileType = sourcecode.swift; path = RallySimulator.swift; sourceTree = "<group>"; };
		F39ADA4591D8FEDB86F5DAE7 /* MockCourtService.swift */ = {isa = PBXFileReference; lastKnownFileType = sourcecode.swift; path = MockCourtService.swift; sourceTree = "<group>"; };
		F5C109738393E6303B611E62 /* MatchActionButtons.swift */ = {isa = PBXFileReference; lastKnownFileType = sourcecode.swift; path = MatchActionButtons.swift; sourceTree = "<group>"; };
		F5DFB7311C2DB71DFA7ADED7 /* CharacterAnimationState.swift */ = {isa = PBXFileReference; lastKnownFileType = sourcecode.swift; path = CharacterAnimationState.swift; sourceTree = "<group>"; };
		F75BF66C5ABC414685644FB7 /* LevelUpBanner.swift */ = {isa = PBXFileReference; lastKnownFileType = sourcecode.swift; path = LevelUpBanner.swift; sourceTree = "<group>"; };
		F78EDF9FACA3C6EB32CC7BAF /* Consumable.swift */ = {isa = PBXFileReference; lastKnownFileType = sourcecode.swift; path = Consumable.swift; sourceTree = "<group>"; };
		FA01C280E5F28D53830ED79E /* PlayerStats.swift */ = {isa = PBXFileReference; lastKnownFileType = sourcecode.swift; path = PlayerStats.swift; sourceTree = "<group>"; };
		FEB6871F2BC9AB0D6E1EBD19 /* PerformanceView.swift */ = {isa = PBXFileReference; lastKnownFileType = sourcecode.swift; path = PerformanceView.swift; sourceTree = "<group>"; };
		FF93932170EAA8760BA56E83 /* Player.swift */ = {isa = PBXFileReference; lastKnownFileType = sourcecode.swift; path = Player.swift; sourceTree = "<group>"; };
/* End PBXFileReference section */

/* Begin PBXGroup section */
		01221201A40B6CB2A273CFEF /* Services */ = {
			isa = PBXGroup;
			children = (
				626A44F16E3DD96990C0879B /* LocationManager.swift */,
				BBBBE45EE2CB1BDA94373679 /* Mock */,
				D9EDF630CF2FB3A1EF9E1B1D /* Protocols */,
			);
			path = Services;
			sourceTree = "<group>";
		};
		0D097ED7ABF0314EC92C52F0 /* Views */ = {
			isa = PBXGroup;
			children = (
				A5EA4DC48371B4ABC65DBEA0 /* ContentView.swift */,
				EE5FFCEBC26742DF88F9B35E /* Components */,
				EC783C579F6677030A94EDA3 /* Inventory */,
				65E3D891E31EA14AFAE8829A /* Map */,
				A413DB1056B131CC0D86793D /* Match */,
				A16CEEEFE804614F291ECE3F /* Performance */,
				D7E55E3986AD180480962406 /* Player */,
				6D02DE9C978DEE479C2F0BBF /* Store */,
			);
			path = Views;
			sourceTree = "<group>";
		};
		1D3AEE556832EE839A9F7973 /* MatchSimulation */ = {
			isa = PBXGroup;
			children = (
				5A0FFE7F286E16DF1CB68BDB /* FatigueModel.swift */,
				912C27A2B8A18DDDEDA05D69 /* MatchEngine.swift */,
				64FE8C463FC243A364CDD109 /* MomentumTracker.swift */,
				D08207D8485476682AC02577 /* PointResolver.swift */,
				F35FD040AF4661A856F9D6FA /* RallySimulator.swift */,
				840065301D6F3845B7E589EA /* StatCalculator.swift */,
			);
			path = MatchSimulation;
			sourceTree = "<group>";
		};
		2E1F0DC40AC05499712C9EF9 /* ViewModels */ = {
			isa = PBXGroup;
			children = (
				CCDD3AF27C7FE92C46AD5297 /* InventoryViewModel.swift */,
				2718E94C057C8A67B15C822B /* MapViewModel.swift */,
				20C3B07BE8F5AC941C995746 /* MatchViewModel.swift */,
				14730B939773D5593EEF66F9 /* PlayerProfileViewModel.swift */,
				AEFAD8E2F8A415500DC0220A /* StoreViewModel.swift */,
			);
			path = ViewModels;
			sourceTree = "<group>";
		};
		2EF01CF3F061D5D202929F34 /* Engine */ = {
			isa = PBXGroup;
			children = (
				D93674CFBCAE7C8A5EB63610 /* DUPRCalculatorTests.swift */,
				665DD2E2381E8DAD0E1A31C3 /* DUPRProfileTests.swift */,
				549DF67C3EB0E36D696AE3EA /* FatigueModelTests.swift */,
				3FE0743BF162137BA3E922FE /* LootGeneratorTests.swift */,
				C9322F41B5638789C5F80C80 /* MatchActionTests.swift */,
				CB744DF042767593746C101B /* MatchEngineTests.swift */,
				1B134E5A041B5743FC9C0BBC /* MomentumTrackerTests.swift */,
				B75B283E423B33D740D8EB72 /* StatCalculatorTests.swift */,
			);
			path = Engine;
			sourceTree = "<group>";
		};
		3802345BF8EF7857186EDFB2 /* Engine */ = {
			isa = PBXGroup;
			children = (
				7536A6EDDE8E4DF812518979 /* LootGeneration */,
				1D3AEE556832EE839A9F7973 /* MatchSimulation */,
				C1C0C4A7DA0D556EF4E1D5EB /* Rating */,
			);
			path = Engine;
			sourceTree = "<group>";
		};
		395BDBB9DC2940ED90B60ED6 /* Extensions */ = {
			isa = PBXGroup;
			children = (
				0C2A0910DA48FBCFB568311B /* CLLocationCoordinate2D+Sendable.swift */,
				8D4DA40EDD426D2F7E3FE0E5 /* SKNode+Async.swift */,
				B85291B7FDEBBCCCD587FAC6 /* UIColor+Hex.swift */,
			);
			path = Extensions;
			sourceTree = "<group>";
		};
		454967790484C53D321E561C /* App */ = {
			isa = PBXGroup;
			children = (
				3AEAB8CBD3D6D5C1EBBECABA /* AppState.swift */,
				3C7DF57C299CE8D8DF73B080 /* DependencyContainer.swift */,
				9D9C040E3A053E3DAC2DD0AC /* PickleQuestApp.swift */,
			);
			path = App;
			sourceTree = "<group>";
		};
		4B59238A2FF54263EA2B6F37 /* Models */ = {
			isa = PBXGroup;
			children = (
				7AF4EAE57D48B1A7B8C14F56 /* Common */,
				955481A2982D7DB49A0DC99A /* Economy */,
				73DDA5C4D4217131E9C96989 /* Equipment */,
				D3D407AD89F78BD6EB649FDC /* Match */,
				E609B018CF2E8783A97E52E3 /* Player */,
				B5AC7F2DD931B06F5035E40D /* World */,
			);
			path = Models;
			sourceTree = "<group>";
		};
		629F8845B7EE41F1934A1746 /* MockData */ = {
			isa = PBXGroup;
			children = (
			);
			path = MockData;
			sourceTree = "<group>";
		};
		65E3D891E31EA14AFAE8829A /* Map */ = {
			isa = PBXGroup;
			children = (
				A9FE1BBA7AC5DE918DA1EC60 /* CourtAnnotationView.swift */,
				A0A3F5F877F307464FDF9F72 /* CourtDetailSheet.swift */,
				A9E31089B41F8413BDA64BB1 /* MapContentView.swift */,
			);
			path = Map;
			sourceTree = "<group>";
		};
		66F18C0FBB5A3037C8671C46 /* SpriteKit */ = {
			isa = PBXGroup;
			children = (
				F5DFB7311C2DB71DFA7ADED7 /* CharacterAnimationState.swift */,
				935402BCE85914A3F49418A7 /* ColorReplacer.swift */,
				20CB71F51995E7A0C850F231 /* CourtRenderer.swift */,
				B645A22F0D9CDF3E5A80D89D /* MatchAnimationConstants.swift */,
				3B97CA559D005D19373B923E /* MatchAnimator.swift */,
				6DF9A9414A06C483D6964FE9 /* MatchCourtScene.swift */,
				A98EFC913DC82F82C6459DF1 /* SpriteFactory.swift */,
				1189DB1F3E1BDB85799DBDD7 /* SpriteSheetAnimator.swift */,
				C11A0AC7AEE35D805C2CD630 /* SpriteSheetLoader.swift */,
			);
			path = SpriteKit;
			sourceTree = "<group>";
		};
		6AC69F477520CF2001DEB4A9 /* PickleQuestUITests */ = {
			isa = PBXGroup;
			children = (
				7B9C13867B41A5C25A60AE0F /* PickleQuestUITests.swift */,
			);
			path = PickleQuestUITests;
			sourceTree = "<group>";
		};
		6D02DE9C978DEE479C2F0BBF /* Store */ = {
			isa = PBXGroup;
			children = (
				5A0D6102CDEE0226239FB7ED /* StoreItemCard.swift */,
				C0752261B8ED02D534503C85 /* StoreView.swift */,
			);
			path = Store;
			sourceTree = "<group>";
		};
		73DDA5C4D4217131E9C96989 /* Equipment */ = {
			isa = PBXGroup;
			children = (
				BE3FB9F0A9E372A5A0CB3D66 /* Equipment.swift */,
				13D27DD38A3C07AF3DC1F5AF /* EquipmentAbility.swift */,
				6DE2F3174E21AC04B25ECDDA /* EquipmentRarity.swift */,
				5F96F8D08C8F4FC655940785 /* EquipmentSet.swift */,
				4C0D6A9C6DD259AB87FE0D21 /* EquipmentSlot.swift */,
			);
			path = Equipment;
			sourceTree = "<group>";
		};
		7536A6EDDE8E4DF812518979 /* LootGeneration */ = {
			isa = PBXGroup;
			children = (
				CDABEB3FE4D53ECE0EF7759B /* EquipmentNameGenerator.swift */,
				3BFE0CBC43F0E6621040BFCB /* LootGenerator.swift */,
			);
			path = LootGeneration;
			sourceTree = "<group>";
		};
		75708D062E2297FC5149BD06 /* Models */ = {
			isa = PBXGroup;
			children = (
				1D8901DF47B273A28A842991 /* EquipmentSetTests.swift */,
			);
			path = Models;
			sourceTree = "<group>";
		};
		7AF4EAE57D48B1A7B8C14F56 /* Common */ = {
			isa = PBXGroup;
			children = (
				34188BBE97EE7E2D002892CE /* GameConstants.swift */,
			);
			path = Common;
			sourceTree = "<group>";
		};
		8A9AD840C315123DEC984A2A /* Products */ = {
			isa = PBXGroup;
			children = (
				1EA16300A59A2F1C52C8B9CF /* PickleQuest.app */,
				18092C844ECE15E47E4AB4F1 /* PickleQuestTests.xctest */,
				2F1DCE8C0C6EC3452588B923 /* PickleQuestUITests.xctest */,
			);
			name = Products;
			sourceTree = "<group>";
		};
		955481A2982D7DB49A0DC99A /* Economy */ = {
			isa = PBXGroup;
			children = (
				F78EDF9FACA3C6EB32CC7BAF /* Consumable.swift */,
				B58F409C0413C7C983E62A1A /* StoreItem.swift */,
				775C461714AC3A47F1E99E0B /* Wallet.swift */,
			);
			path = Economy;
			sourceTree = "<group>";
		};
		A16CEEEFE804614F291ECE3F /* Performance */ = {
			isa = PBXGroup;
			children = (
				FEB6871F2BC9AB0D6E1EBD19 /* PerformanceView.swift */,
			);
			path = Performance;
			sourceTree = "<group>";
		};
		A413DB1056B131CC0D86793D /* Match */ = {
			isa = PBXGroup;
			children = (
				F5C109738393E6303B611E62 /* MatchActionButtons.swift */,
				9D397036B916DEC1B19A645F /* MatchHubView.swift */,
				E37015A94BA1E07BCD8C05A5 /* MatchResultView.swift */,
				73B3FD5E1D993A1A80123844 /* MatchSimulationView.swift */,
				6918B86594312D1407B045AB /* MatchSpriteView.swift */,
				40CF56E088227F546C60B738 /* NPCPickerView.swift */,
				66F18C0FBB5A3037C8671C46 /* SpriteKit */,
			);
			path = Match;
			sourceTree = "<group>";
		};
		AC9DBB2A105A70419C43C6F7 /* PickleQuest */ = {
			isa = PBXGroup;
			children = (
				E4670681121ECFF68169B37B /* Info.plist */,
				454967790484C53D321E561C /* App */,
				3802345BF8EF7857186EDFB2 /* Engine */,
				395BDBB9DC2940ED90B60ED6 /* Extensions */,
				4B59238A2FF54263EA2B6F37 /* Models */,
				D3A0B29900EFF94ED1D9AA0C /* Resources */,
				01221201A40B6CB2A273CFEF /* Services */,
				2E1F0DC40AC05499712C9EF9 /* ViewModels */,
				0D097ED7ABF0314EC92C52F0 /* Views */,
			);
			path = PickleQuest;
			sourceTree = "<group>";
		};
		B5AC7F2DD931B06F5035E40D /* World */ = {
			isa = PBXGroup;
			children = (
				D3105ACD6B6235A1CE3055FC /* Court.swift */,
				761E0DC7B75C06D52FBD491E /* MapItem.swift */,
				1675D372694A305F611FE32D /* NPC.swift */,
			);
			path = World;
			sourceTree = "<group>";
		};
		BBBBE45EE2CB1BDA94373679 /* Mock */ = {
			isa = PBXGroup;
			children = (
				F39ADA4591D8FEDB86F5DAE7 /* MockCourtService.swift */,
				596C158D03744C9EBA1A7870 /* MockInventoryService.swift */,
				4DC470B6290926172C33A09F /* MockMatchService.swift */,
				CE09A927C4E070179DA2B55B /* MockNPCService.swift */,
				A75F2EF611AE8E7A6FCC71E0 /* MockPlayerService.swift */,
				D7AEE335773012DD0EA1E5EF /* MockStoreService.swift */,
			);
			path = Mock;
			sourceTree = "<group>";
		};
		C1C0C4A7DA0D556EF4E1D5EB /* Rating */ = {
			isa = PBXGroup;
			children = (
				C45FB6A27A9A3E5D0D9E080C /* DUPRCalculator.swift */,
				7C1AE74519D395EBC944F80F /* RepCalculator.swift */,
			);
			path = Rating;
			sourceTree = "<group>";
		};
		D3A0B29900EFF94ED1D9AA0C /* Resources */ = {
			isa = PBXGroup;
			children = (
				392EA26F10E273F38B0D3BA7 /* character2-Sheet.png */,
				629F8845B7EE41F1934A1746 /* MockData */,
				EEB40D2250A9785A88611B87 /* SpriteSheets */,
			);
			path = Resources;
			sourceTree = "<group>";
		};
		D3D407AD89F78BD6EB649FDC /* Match */ = {
			isa = PBXGroup;
			children = (
				202A83825C89EF08D54F91B4 /* MatchAction.swift */,
				ECEA1686848E23241264008F /* MatchConfig.swift */,
				7E2060A9BBEF6769156A056F /* MatchEvent.swift */,
				1C16E89037C904100D1C317F /* MatchHistoryEntry.swift */,
				113D32D22345163D83B3B9D9 /* MatchPoint.swift */,
				784E4E44166C3416091BA7E0 /* MatchResult.swift */,
			);
			path = Match;
			sourceTree = "<group>";
		};
		D7E55E3986AD180480962406 /* Player */ = {
			isa = PBXGroup;
			children = (
				144F008DAAEF10FB97289E80 /* DevModeView.swift */,
				02FF717F7DEC1E46AC1C7912 /* PlayerProfileView.swift */,
				71BCAA08F2AC0ED226B60E86 /* StatAllocationView.swift */,
			);
			path = Player;
			sourceTree = "<group>";
		};
		D9EDF630CF2FB3A1EF9E1B1D /* Protocols */ = {
			isa = PBXGroup;
			children = (
				9F80B1209767EBD9BA7EAC8D /* CourtService.swift */,
				AF0E26D687250C76182C3D4C /* InventoryService.swift */,
				46B06729836D2E4D76ECC28B /* MatchService.swift */,
				317B5B682D9B2CC67773486B /* NPCService.swift */,
				584959296BFD092ED3EE3FD8 /* PlayerService.swift */,
				01992CB63887808953615677 /* StoreService.swift */,
			);
			path = Protocols;
			sourceTree = "<group>";
		};
		E609B018CF2E8783A97E52E3 /* Player */ = {
			isa = PBXGroup;
			children = (
				8643BD07D4ED9ECD24B2D8EC /* AppearanceGenerator.swift */,
				D9B6786F66B8934634A8830A /* CharacterAppearance.swift */,
				51DD3F8872DF216E539BB427 /* DUPRProfile.swift */,
				FF93932170EAA8760BA56E83 /* Player.swift */,
				52C2A0413DC0CD20FB85994C /* PlayerProgression.swift */,
				FA01C280E5F28D53830ED79E /* PlayerStats.swift */,
				87E6BC2CEDE4611F9F591DD0 /* RepProfile.swift */,
			);
			path = Player;
			sourceTree = "<group>";
		};
		EC783C579F6677030A94EDA3 /* Inventory */ = {
			isa = PBXGroup;
			children = (
				B619B590B70982D275E99B1B /* EquipmentCardView.swift */,
				CC56C33DEA89A36C94D6A5DE /* EquipmentDetailView.swift */,
				3C7D0E4AD263AFFDB2620896 /* EquipmentSlotsView.swift */,
				E5CEC35A0CEB4D245BCFE7C6 /* InventoryView.swift */,
			);
			path = Inventory;
			sourceTree = "<group>";
		};
		EE5FFCEBC26742DF88F9B35E /* Components */ = {
			isa = PBXGroup;
			children = (
				F75BF66C5ABC414685644FB7 /* LevelUpBanner.swift */,
				5408E905229A627A3B5BAA80 /* LootDropRow.swift */,
				8DC83A9B8FA7C9441534B175 /* MatchHistoryRow.swift */,
				9F69B4AC575F890472955931 /* RarityBadge.swift */,
				A76446B9A2021FE2A0668EC0 /* StatBar.swift */,
			);
			path = Components;
			sourceTree = "<group>";
		};
		EEB40D2250A9785A88611B87 /* SpriteSheets */ = {
			isa = PBXGroup;
			children = (
				CCDA3BA6ED33B0BCB7D1E92D /* ball.png */,
				0E3B9DA82455DDC9859651BB /* character1-Sheet.png */,
			);
			path = SpriteSheets;
			sourceTree = "<group>";
		};
		F9F39E0BB7BEEF7255D7B746 = {
			isa = PBXGroup;
			children = (
				AC9DBB2A105A70419C43C6F7 /* PickleQuest */,
				FEC27436E718FCB8E139DF5D /* PickleQuestTests */,
				6AC69F477520CF2001DEB4A9 /* PickleQuestUITests */,
				8A9AD840C315123DEC984A2A /* Products */,
			);
			sourceTree = "<group>";
		};
		FEC27436E718FCB8E139DF5D /* PickleQuestTests */ = {
			isa = PBXGroup;
			children = (
				2EF01CF3F061D5D202929F34 /* Engine */,
				75708D062E2297FC5149BD06 /* Models */,
			);
			path = PickleQuestTests;
			sourceTree = "<group>";
		};
/* End PBXGroup section */

/* Begin PBXNativeTarget section */
		06B1C32CDD2A45D368A92289 /* PickleQuest */ = {
			isa = PBXNativeTarget;
			buildConfigurationList = 5A2D019CB42F308265969937 /* Build configuration list for PBXNativeTarget "PickleQuest" */;
			buildPhases = (
				CFBDA8597763D58545F89F89 /* Sources */,
				21F84EB5CBEBD8C07B0360DD /* Resources */,
			);
			buildRules = (
			);
			dependencies = (
			);
			name = PickleQuest;
			packageProductDependencies = (
			);
			productName = PickleQuest;
			productReference = 1EA16300A59A2F1C52C8B9CF /* PickleQuest.app */;
			productType = "com.apple.product-type.application";
		};
		9C7055D97D6EF042701E8F72 /* PickleQuestUITests */ = {
			isa = PBXNativeTarget;
			buildConfigurationList = E58E9BE64C0C9A1600B3B37B /* Build configuration list for PBXNativeTarget "PickleQuestUITests" */;
			buildPhases = (
				190C8C26CAE1E0807F3D3E73 /* Sources */,
			);
			buildRules = (
			);
			dependencies = (
				45D06BCB8F830DAFD1B3C7B5 /* PBXTargetDependency */,
			);
			name = PickleQuestUITests;
			packageProductDependencies = (
			);
			productName = PickleQuestUITests;
			productReference = 2F1DCE8C0C6EC3452588B923 /* PickleQuestUITests.xctest */;
			productType = "com.apple.product-type.bundle.ui-testing";
		};
		D1A0967FBFA55DEF7F18F135 /* PickleQuestTests */ = {
			isa = PBXNativeTarget;
			buildConfigurationList = 07941D6A96D72E79B49346E5 /* Build configuration list for PBXNativeTarget "PickleQuestTests" */;
			buildPhases = (
				617F02E927F29D5641A7D1BB /* Sources */,
			);
			buildRules = (
			);
			dependencies = (
				989373C4259C3B0D101B8802 /* PBXTargetDependency */,
			);
			name = PickleQuestTests;
			packageProductDependencies = (
			);
			productName = PickleQuestTests;
			productReference = 18092C844ECE15E47E4AB4F1 /* PickleQuestTests.xctest */;
			productType = "com.apple.product-type.bundle.unit-test";
		};
/* End PBXNativeTarget section */

/* Begin PBXProject section */
		EAB6AE60657DE22B5FD3118C /* Project object */ = {
			isa = PBXProject;
			attributes = {
				BuildIndependentTargetsInParallel = YES;
				LastUpgradeCheck = 1600;
				TargetAttributes = {
					06B1C32CDD2A45D368A92289 = {
						DevelopmentTeam = 69F6RR9M5J;
						ProvisioningStyle = Automatic;
					};
					9C7055D97D6EF042701E8F72 = {
						DevelopmentTeam = 69F6RR9M5J;
						ProvisioningStyle = Automatic;
						TestTargetID = 06B1C32CDD2A45D368A92289;
					};
					D1A0967FBFA55DEF7F18F135 = {
						DevelopmentTeam = 69F6RR9M5J;
						ProvisioningStyle = Automatic;
					};
				};
			};
			buildConfigurationList = 5CCC3829EF66ADF24F764A3B /* Build configuration list for PBXProject "PickleQuest" */;
			compatibilityVersion = "Xcode 14.0";
			developmentRegion = en;
			hasScannedForEncodings = 0;
			knownRegions = (
				Base,
				en,
			);
			mainGroup = F9F39E0BB7BEEF7255D7B746;
			minimizedProjectReferenceProxies = 1;
			preferredProjectObjectVersion = 77;
			projectDirPath = "";
			projectRoot = "";
			targets = (
				06B1C32CDD2A45D368A92289 /* PickleQuest */,
				D1A0967FBFA55DEF7F18F135 /* PickleQuestTests */,
				9C7055D97D6EF042701E8F72 /* PickleQuestUITests */,
			);
		};
/* End PBXProject section */

/* Begin PBXResourcesBuildPhase section */
		21F84EB5CBEBD8C07B0360DD /* Resources */ = {
			isa = PBXResourcesBuildPhase;
			buildActionMask = 2147483647;
			files = (
				BDC86FDAA4439CFE42A0F107 /* ball.png in Resources */,
				C31CD5CA9BE818B447085B10 /* character1-Sheet.png in Resources */,
				571951E2E4725FBDC54CDA84 /* character2-Sheet.png in Resources */,
			);
			runOnlyForDeploymentPostprocessing = 0;
		};
/* End PBXResourcesBuildPhase section */

/* Begin PBXSourcesBuildPhase section */
		190C8C26CAE1E0807F3D3E73 /* Sources */ = {
			isa = PBXSourcesBuildPhase;
			buildActionMask = 2147483647;
			files = (
				A10F0FF3F349FAF8D6F50647 /* PickleQuestUITests.swift in Sources */,
			);
			runOnlyForDeploymentPostprocessing = 0;
		};
		617F02E927F29D5641A7D1BB /* Sources */ = {
			isa = PBXSourcesBuildPhase;
			buildActionMask = 2147483647;
			files = (
				C043BA9B8317B6BC00C438D6 /* DUPRCalculatorTests.swift in Sources */,
				1F3D155A28F61DE864369D26 /* DUPRProfileTests.swift in Sources */,
				A5120AA31F0A8AEBBBFC9900 /* EquipmentSetTests.swift in Sources */,
				49657DCD34805C399017F8FA /* FatigueModelTests.swift in Sources */,
				0D9B2D6B41077877A74F860C /* LootGeneratorTests.swift in Sources */,
				952F90E2AC4730346AE0E1F1 /* MatchActionTests.swift in Sources */,
				21A8FEC6BE691264FAE691E7 /* MatchEngineTests.swift in Sources */,
				72218CB4A65BD13B1CE5DDD9 /* MomentumTrackerTests.swift in Sources */,
				DBE5F18AC6CBE4C42E7A712E /* StatCalculatorTests.swift in Sources */,
			);
			runOnlyForDeploymentPostprocessing = 0;
		};
		CFBDA8597763D58545F89F89 /* Sources */ = {
			isa = PBXSourcesBuildPhase;
			buildActionMask = 2147483647;
			files = (
				9082675C17CCC084A5BEDBB1 /* AppState.swift in Sources */,
				D8C4B3036E5214BAE018D4BD /* AppearanceGenerator.swift in Sources */,
				048DBBBFE296E9B444059160 /* CLLocationCoordinate2D+Sendable.swift in Sources */,
				AA8CE763EB065822FA23CCA0 /* CharacterAnimationState.swift in Sources */,
				0B5219D488C98B0A9D7888EA /* CharacterAppearance.swift in Sources */,
				04E498BB1ED53A774576B7CE /* ColorReplacer.swift in Sources */,
				7D38D7EB38143D8854EE48C0 /* Consumable.swift in Sources */,
				D1C34495E0D732C0A1341776 /* ContentView.swift in Sources */,
				EE2059E8882E44409C0B7255 /* Court.swift in Sources */,
				8CE2A745A019908957FED502 /* CourtAnnotationView.swift in Sources */,
				473BB098A5401D2799FD9521 /* CourtDetailSheet.swift in Sources */,
				64AC9A5DACABD53728F0D8A3 /* CourtRenderer.swift in Sources */,
				004F82EE3181237E32E907A2 /* CourtService.swift in Sources */,
				EA2BB3213BC970E6160006AD /* DUPRCalculator.swift in Sources */,
				0D504017AD0F443740F26367 /* DUPRProfile.swift in Sources */,
				C568849F3E7E70B323E268D6 /* DependencyContainer.swift in Sources */,
				95681C2A013819E0A47237C1 /* DevModeView.swift in Sources */,
				F7AC5CB510EB35254105DCE4 /* Equipment.swift in Sources */,
				66DE4973BD9BED0C2197BD50 /* EquipmentAbility.swift in Sources */,
				CD7F3AAC4180F9ECBFCA635D /* EquipmentCardView.swift in Sources */,
				694E9D55D983B6A7B17E33F3 /* EquipmentDetailView.swift in Sources */,
				43B535BCBF33D536997AD2BA /* EquipmentNameGenerator.swift in Sources */,
				B926619285D7778F1326F291 /* EquipmentRarity.swift in Sources */,
				25BCE5BEB1E98890F051A673 /* EquipmentSet.swift in Sources */,
				B26771FE90898DD826D9B56D /* EquipmentSlot.swift in Sources */,
				1F1A8B0C4EAA874288A018B5 /* EquipmentSlotsView.swift in Sources */,
				EFE1996F96F40167DAFB4032 /* FatigueModel.swift in Sources */,
				F2E663160A6E773AAC127E77 /* GameConstants.swift in Sources */,
				4DAD72FBC09DA09E916FEB5B /* InventoryService.swift in Sources */,
				F45115D8662B6784B8EABDB1 /* InventoryView.swift in Sources */,
				1D4054E15A14E383E1E5DA81 /* InventoryViewModel.swift in Sources */,
				C7E0584C2C5148BE0F63989B /* LevelUpBanner.swift in Sources */,
				CDD6F64EBB582172E07C0CD1 /* LocationManager.swift in Sources */,
				72B54FB6B5F49BBA080E5BB7 /* LootDropRow.swift in Sources */,
				46CF6D1A2CAC995CCA768029 /* LootGenerator.swift in Sources */,
				E4717F50B056288CFD1D8397 /* MapContentView.swift in Sources */,
				28AB4CC6F088EE0D1F7A279D /* MapItem.swift in Sources */,
				A096F6D670873DBA106FA1AC /* MapViewModel.swift in Sources */,
				5A43B7300C9756C5C0783F92 /* MatchAction.swift in Sources */,
				6EC9B25135C35C3965C18609 /* MatchActionButtons.swift in Sources */,
				023992AA330250878468D1C3 /* MatchAnimationConstants.swift in Sources */,
				BD107C1E7156DC796543C80E /* MatchAnimator.swift in Sources */,
				77F751CCE1AC083DD17E8B36 /* MatchConfig.swift in Sources */,
				C59FDDAFB1C1E9CE54336D15 /* MatchCourtScene.swift in Sources */,
				C42CE90D2DA3273949387E7D /* MatchEngine.swift in Sources */,
				B5C0FEFD9E53A201516D645C /* MatchEvent.swift in Sources */,
				D0867DCDFEE42EB11B8FFF3D /* MatchHistoryEntry.swift in Sources */,
				51BC3FD6F41FDF4EDFE95E3C /* MatchHistoryRow.swift in Sources */,
				3057984831215C6587916C74 /* MatchHubView.swift in Sources */,
				7925FA2AB77DB5D5CB6B2B4A /* MatchPoint.swift in Sources */,
				DB1E24C03C5CA4CDFAA83ABD /* MatchResult.swift in Sources */,
				3A3878E9CF1C3B1BD53F30AD /* MatchResultView.swift in Sources */,
				F2A74E1AACB4DE039B603545 /* MatchService.swift in Sources */,
				1DFA20353BD0EAC474762221 /* MatchSimulationView.swift in Sources */,
				9D439B12DA3E48072B924068 /* MatchSpriteView.swift in Sources */,
				2EDA97EBB0A6E7B56999B34B /* MatchViewModel.swift in Sources */,
				BAA582D6CAEDE37C2893C67B /* MockCourtService.swift in Sources */,
				74E78A543C1A38A6C0C2CA25 /* MockInventoryService.swift in Sources */,
				35CED6482D21AAD5F0F53425 /* MockMatchService.swift in Sources */,
				D726C1B09F3C251DB2798EBB /* MockNPCService.swift in Sources */,
				4551C2277923A1D661225504 /* MockPlayerService.swift in Sources */,
				A59A00DD59A508DD8118D1B7 /* MockStoreService.swift in Sources */,
				784F9AB42DE8809127A302A1 /* MomentumTracker.swift in Sources */,
				0DFA243D216FD16F1255A3EC /* NPC.swift in Sources */,
				60C1CA5709BB3E240DBDCB74 /* NPCPickerView.swift in Sources */,
				7D96587EFB503CAA3EAEEED0 /* NPCService.swift in Sources */,
				86C302D05629B8C69B15757A /* PerformanceView.swift in Sources */,
				F8EB27192BD681D5C6389AD3 /* PickleQuestApp.swift in Sources */,
				87FC21F3F57E1F3D93EC6104 /* Player.swift in Sources */,
				3B050E3BBEEFF0A145385100 /* PlayerProfileView.swift in Sources */,
				2839DF2A3E920AD06E50AAA3 /* PlayerProfileViewModel.swift in Sources */,
				030053C44EF48B07E766AD2B /* PlayerProgression.swift in Sources */,
				D94A60FDE166721728A7C6FD /* PlayerService.swift in Sources */,
				902F65DDE7981382B64D20BB /* PlayerStats.swift in Sources */,
				7C28EC5E2BDA53B5A0DDC7FD /* PointResolver.swift in Sources */,
				AFADB2EE7CFC9A8B6114BF26 /* RallySimulator.swift in Sources */,
				E6F707FA78EEF37EBF192904 /* RarityBadge.swift in Sources */,
				CDBE28F6BF3462D4396D9340 /* RepCalculator.swift in Sources */,
				CDB582B28BCB65C90D6A3E06 /* RepProfile.swift in Sources */,
				5F0BAB40AD8F1693B19EA076 /* SKNode+Async.swift in Sources */,
				7705B9AD737067D549D42B48 /* SpriteFactory.swift in Sources */,
				0B5CF73ACAEE1A68C32D5EEF /* SpriteSheetAnimator.swift in Sources */,
				500C63BE9013D7DBB0CF32EE /* SpriteSheetLoader.swift in Sources */,
				412DC22F0B76ED5957269316 /* StatAllocationView.swift in Sources */,
				A626669F5ACFF89A909F5072 /* StatBar.swift in Sources */,
				B04EDE991297618814A545E4 /* StatCalculator.swift in Sources */,
				F0E6CC3AE8F78A6B3B951572 /* StoreItem.swift in Sources */,
				D0DB3E7B604374E484843D56 /* StoreItemCard.swift in Sources */,
				F389FCF6873F6777A0D4B3C5 /* StoreService.swift in Sources */,
				5CC05AE0BF17214046CCAFD1 /* StoreView.swift in Sources */,
				61ABDD9DBF6C28F76F3D5E5F /* StoreViewModel.swift in Sources */,
				D05971C85E3233F7F3A7421A /* UIColor+Hex.swift in Sources */,
				26134A1B57938FFC3E195A26 /* Wallet.swift in Sources */,
			);
			runOnlyForDeploymentPostprocessing = 0;
		};
/* End PBXSourcesBuildPhase section */

/* Begin PBXTargetDependency section */
		45D06BCB8F830DAFD1B3C7B5 /* PBXTargetDependency */ = {
			isa = PBXTargetDependency;
			target = 06B1C32CDD2A45D368A92289 /* PickleQuest */;
			targetProxy = 2674E19DCCAD652DB5A8C8C5 /* PBXContainerItemProxy */;
		};
		989373C4259C3B0D101B8802 /* PBXTargetDependency */ = {
			isa = PBXTargetDependency;
			target = 06B1C32CDD2A45D368A92289 /* PickleQuest */;
			targetProxy = 351698797991F93177BA96B0 /* PBXContainerItemProxy */;
		};
/* End PBXTargetDependency section */

/* Begin XCBuildConfiguration section */
		1A2A2F718F455F84DF7EA8E9 /* Debug */ = {
			isa = XCBuildConfiguration;
			buildSettings = {
				BUNDLE_LOADER = "$(TEST_HOST)";
				GENERATE_INFOPLIST_FILE = YES;
				LD_RUNPATH_SEARCH_PATHS = (
					"$(inherited)",
					"@executable_path/Frameworks",
					"@loader_path/Frameworks",
				);
				PRODUCT_BUNDLE_IDENTIFIER = tran.io.PickleQuestUITests;
				SDKROOT = iphoneos;
				TARGETED_DEVICE_FAMILY = "1,2";
				TEST_TARGET_NAME = PickleQuest;
			};
			name = Debug;
		};
		34AC7E1BEC3AC7DF06633599 /* Debug */ = {
			isa = XCBuildConfiguration;
			buildSettings = {
				BUNDLE_LOADER = "$(TEST_HOST)";
				GENERATE_INFOPLIST_FILE = YES;
				LD_RUNPATH_SEARCH_PATHS = (
					"$(inherited)",
					"@executable_path/Frameworks",
					"@loader_path/Frameworks",
				);
				PRODUCT_BUNDLE_IDENTIFIER = tran.io.PickleQuestTests;
				SDKROOT = iphoneos;
				TARGETED_DEVICE_FAMILY = "1,2";
				TEST_HOST = "$(BUILT_PRODUCTS_DIR)/PickleQuest.app/PickleQuest";
			};
			name = Debug;
		};
		52C989FEDFDFF149A10FF5B9 /* Debug */ = {
			isa = XCBuildConfiguration;
			buildSettings = {
				ASSETCATALOG_COMPILER_APPICON_NAME = AppIcon;
				CODE_SIGN_IDENTITY = "iPhone Developer";
				CURRENT_PROJECT_VERSION = 1;
				INFOPLIST_FILE = PickleQuest/Info.plist;
				LD_RUNPATH_SEARCH_PATHS = (
					"$(inherited)",
					"@executable_path/Frameworks",
				);
				MARKETING_VERSION = 0.1.0;
				PRODUCT_BUNDLE_IDENTIFIER = tran.io.PickleQuest;
				PRODUCT_NAME = PickleQuest;
				SDKROOT = iphoneos;
				SWIFT_STRICT_CONCURRENCY = complete;
				TARGETED_DEVICE_FAMILY = "1,2";
			};
			name = Debug;
		};
		750DC30558BEDE674C4C929D /* Release */ = {
			isa = XCBuildConfiguration;
			buildSettings = {
				ASSETCATALOG_COMPILER_APPICON_NAME = AppIcon;
				CODE_SIGN_IDENTITY = "iPhone Developer";
				CURRENT_PROJECT_VERSION = 1;
				INFOPLIST_FILE = PickleQuest/Info.plist;
				LD_RUNPATH_SEARCH_PATHS = (
					"$(inherited)",
					"@executable_path/Frameworks",
				);
				MARKETING_VERSION = 0.1.0;
				PRODUCT_BUNDLE_IDENTIFIER = tran.io.PickleQuest;
				PRODUCT_NAME = PickleQuest;
				SDKROOT = iphoneos;
				SWIFT_STRICT_CONCURRENCY = complete;
				TARGETED_DEVICE_FAMILY = "1,2";
			};
			name = Release;
		};
		92226BD1417F0AE11C6A6219 /* Debug */ = {
			isa = XCBuildConfiguration;
			buildSettings = {
				ALWAYS_SEARCH_USER_PATHS = NO;
				CLANG_ANALYZER_NONNULL = YES;
				CLANG_ANALYZER_NUMBER_OBJECT_CONVERSION = YES_AGGRESSIVE;
				CLANG_CXX_LANGUAGE_STANDARD = "gnu++14";
				CLANG_CXX_LIBRARY = "libc++";
				CLANG_ENABLE_MODULES = YES;
				CLANG_ENABLE_OBJC_ARC = YES;
				CLANG_ENABLE_OBJC_WEAK = YES;
				CLANG_WARN_BLOCK_CAPTURE_AUTORELEASING = YES;
				CLANG_WARN_BOOL_CONVERSION = YES;
				CLANG_WARN_COMMA = YES;
				CLANG_WARN_CONSTANT_CONVERSION = YES;
				CLANG_WARN_DEPRECATED_OBJC_IMPLEMENTATIONS = YES;
				CLANG_WARN_DIRECT_OBJC_ISA_USAGE = YES_ERROR;
				CLANG_WARN_DOCUMENTATION_COMMENTS = YES;
				CLANG_WARN_EMPTY_BODY = YES;
				CLANG_WARN_ENUM_CONVERSION = YES;
				CLANG_WARN_INFINITE_RECURSION = YES;
				CLANG_WARN_INT_CONVERSION = YES;
				CLANG_WARN_NON_LITERAL_NULL_CONVERSION = YES;
				CLANG_WARN_OBJC_IMPLICIT_RETAIN_SELF = YES;
				CLANG_WARN_OBJC_LITERAL_CONVERSION = YES;
				CLANG_WARN_OBJC_ROOT_CLASS = YES_ERROR;
				CLANG_WARN_QUOTED_INCLUDE_IN_FRAMEWORK_HEADER = YES;
				CLANG_WARN_RANGE_LOOP_ANALYSIS = YES;
				CLANG_WARN_STRICT_PROTOTYPES = YES;
				CLANG_WARN_SUSPICIOUS_MOVE = YES;
				CLANG_WARN_UNGUARDED_AVAILABILITY = YES_AGGRESSIVE;
				CLANG_WARN_UNREACHABLE_CODE = YES;
				CLANG_WARN__DUPLICATE_METHOD_MATCH = YES;
				CODE_SIGN_STYLE = Automatic;
				COPY_PHASE_STRIP = NO;
				DEBUG_INFORMATION_FORMAT = dwarf;
				DEVELOPMENT_TEAM = 69F6RR9M5J;
				ENABLE_STRICT_OBJC_MSGSEND = YES;
				ENABLE_TESTABILITY = YES;
				GCC_C_LANGUAGE_STANDARD = gnu11;
				GCC_DYNAMIC_NO_PIC = NO;
				GCC_NO_COMMON_BLOCKS = YES;
				GCC_OPTIMIZATION_LEVEL = 0;
				GCC_PREPROCESSOR_DEFINITIONS = (
					"$(inherited)",
					"DEBUG=1",
				);
				GCC_WARN_64_TO_32_BIT_CONVERSION = YES;
				GCC_WARN_ABOUT_RETURN_TYPE = YES_ERROR;
				GCC_WARN_UNDECLARED_SELECTOR = YES;
				GCC_WARN_UNINITIALIZED_AUTOS = YES_AGGRESSIVE;
				GCC_WARN_UNUSED_FUNCTION = YES;
				GCC_WARN_UNUSED_VARIABLE = YES;
				IPHONEOS_DEPLOYMENT_TARGET = 18.0;
				MTL_ENABLE_DEBUG_INFO = INCLUDE_SOURCE;
				MTL_FAST_MATH = YES;
				ONLY_ACTIVE_ARCH = YES;
				PRODUCT_NAME = "$(TARGET_NAME)";
				SDKROOT = iphoneos;
				SWIFT_ACTIVE_COMPILATION_CONDITIONS = DEBUG;
				SWIFT_OPTIMIZATION_LEVEL = "-Onone";
				SWIFT_VERSION = 6.0;
			};
			name = Debug;
		};
		CD6B82B5B968FCF1D70E91CF /* Release */ = {
			isa = XCBuildConfiguration;
			buildSettings = {
				BUNDLE_LOADER = "$(TEST_HOST)";
				GENERATE_INFOPLIST_FILE = YES;
				LD_RUNPATH_SEARCH_PATHS = (
					"$(inherited)",
					"@executable_path/Frameworks",
					"@loader_path/Frameworks",
				);
				PRODUCT_BUNDLE_IDENTIFIER = tran.io.PickleQuestTests;
				SDKROOT = iphoneos;
				TARGETED_DEVICE_FAMILY = "1,2";
				TEST_HOST = "$(BUILT_PRODUCTS_DIR)/PickleQuest.app/PickleQuest";
			};
			name = Release;
		};
		D9D7C2C8C8A040F4851F8870 /* Release */ = {
			isa = XCBuildConfiguration;
			buildSettings = {
				BUNDLE_LOADER = "$(TEST_HOST)";
				GENERATE_INFOPLIST_FILE = YES;
				LD_RUNPATH_SEARCH_PATHS = (
					"$(inherited)",
					"@executable_path/Frameworks",
					"@loader_path/Frameworks",
				);
				PRODUCT_BUNDLE_IDENTIFIER = tran.io.PickleQuestUITests;
				SDKROOT = iphoneos;
				TARGETED_DEVICE_FAMILY = "1,2";
				TEST_TARGET_NAME = PickleQuest;
			};
			name = Release;
		};
		DB40F183BDD27D48726DF040 /* Release */ = {
			isa = XCBuildConfiguration;
			buildSettings = {
				ALWAYS_SEARCH_USER_PATHS = NO;
				CLANG_ANALYZER_NONNULL = YES;
				CLANG_ANALYZER_NUMBER_OBJECT_CONVERSION = YES_AGGRESSIVE;
				CLANG_CXX_LANGUAGE_STANDARD = "gnu++14";
				CLANG_CXX_LIBRARY = "libc++";
				CLANG_ENABLE_MODULES = YES;
				CLANG_ENABLE_OBJC_ARC = YES;
				CLANG_ENABLE_OBJC_WEAK = YES;
				CLANG_WARN_BLOCK_CAPTURE_AUTORELEASING = YES;
				CLANG_WARN_BOOL_CONVERSION = YES;
				CLANG_WARN_COMMA = YES;
				CLANG_WARN_CONSTANT_CONVERSION = YES;
				CLANG_WARN_DEPRECATED_OBJC_IMPLEMENTATIONS = YES;
				CLANG_WARN_DIRECT_OBJC_ISA_USAGE = YES_ERROR;
				CLANG_WARN_DOCUMENTATION_COMMENTS = YES;
				CLANG_WARN_EMPTY_BODY = YES;
				CLANG_WARN_ENUM_CONVERSION = YES;
				CLANG_WARN_INFINITE_RECURSION = YES;
				CLANG_WARN_INT_CONVERSION = YES;
				CLANG_WARN_NON_LITERAL_NULL_CONVERSION = YES;
				CLANG_WARN_OBJC_IMPLICIT_RETAIN_SELF = YES;
				CLANG_WARN_OBJC_LITERAL_CONVERSION = YES;
				CLANG_WARN_OBJC_ROOT_CLASS = YES_ERROR;
				CLANG_WARN_QUOTED_INCLUDE_IN_FRAMEWORK_HEADER = YES;
				CLANG_WARN_RANGE_LOOP_ANALYSIS = YES;
				CLANG_WARN_STRICT_PROTOTYPES = YES;
				CLANG_WARN_SUSPICIOUS_MOVE = YES;
				CLANG_WARN_UNGUARDED_AVAILABILITY = YES_AGGRESSIVE;
				CLANG_WARN_UNREACHABLE_CODE = YES;
				CLANG_WARN__DUPLICATE_METHOD_MATCH = YES;
				CODE_SIGN_STYLE = Automatic;
				COPY_PHASE_STRIP = NO;
				DEBUG_INFORMATION_FORMAT = "dwarf-with-dsym";
				DEVELOPMENT_TEAM = 69F6RR9M5J;
				ENABLE_NS_ASSERTIONS = NO;
				ENABLE_STRICT_OBJC_MSGSEND = YES;
				GCC_C_LANGUAGE_STANDARD = gnu11;
				GCC_NO_COMMON_BLOCKS = YES;
				GCC_WARN_64_TO_32_BIT_CONVERSION = YES;
				GCC_WARN_ABOUT_RETURN_TYPE = YES_ERROR;
				GCC_WARN_UNDECLARED_SELECTOR = YES;
				GCC_WARN_UNINITIALIZED_AUTOS = YES_AGGRESSIVE;
				GCC_WARN_UNUSED_FUNCTION = YES;
				GCC_WARN_UNUSED_VARIABLE = YES;
				IPHONEOS_DEPLOYMENT_TARGET = 18.0;
				MTL_ENABLE_DEBUG_INFO = NO;
				MTL_FAST_MATH = YES;
				PRODUCT_NAME = "$(TARGET_NAME)";
				SDKROOT = iphoneos;
				SWIFT_COMPILATION_MODE = wholemodule;
				SWIFT_OPTIMIZATION_LEVEL = "-O";
				SWIFT_VERSION = 6.0;
			};
			name = Release;
		};
/* End XCBuildConfiguration section */

/* Begin XCConfigurationList section */
		07941D6A96D72E79B49346E5 /* Build configuration list for PBXNativeTarget "PickleQuestTests" */ = {
			isa = XCConfigurationList;
			buildConfigurations = (
				34AC7E1BEC3AC7DF06633599 /* Debug */,
				CD6B82B5B968FCF1D70E91CF /* Release */,
			);
			defaultConfigurationIsVisible = 0;
			defaultConfigurationName = Debug;
		};
		5A2D019CB42F308265969937 /* Build configuration list for PBXNativeTarget "PickleQuest" */ = {
			isa = XCConfigurationList;
			buildConfigurations = (
				52C989FEDFDFF149A10FF5B9 /* Debug */,
				750DC30558BEDE674C4C929D /* Release */,
			);
			defaultConfigurationIsVisible = 0;
			defaultConfigurationName = Debug;
		};
		5CCC3829EF66ADF24F764A3B /* Build configuration list for PBXProject "PickleQuest" */ = {
			isa = XCConfigurationList;
			buildConfigurations = (
				92226BD1417F0AE11C6A6219 /* Debug */,
				DB40F183BDD27D48726DF040 /* Release */,
			);
			defaultConfigurationIsVisible = 0;
			defaultConfigurationName = Debug;
		};
		E58E9BE64C0C9A1600B3B37B /* Build configuration list for PBXNativeTarget "PickleQuestUITests" */ = {
			isa = XCConfigurationList;
			buildConfigurations = (
				1A2A2F718F455F84DF7EA8E9 /* Debug */,
				D9D7C2C8C8A040F4851F8870 /* Release */,
			);
			defaultConfigurationIsVisible = 0;
			defaultConfigurationName = Debug;
		};
/* End XCConfigurationList section */
	};
	rootObject = EAB6AE60657DE22B5FD3118C /* Project object */;
}
